// !$*UTF8*$!
{
	archiveVersion = 1;
	classes = {
	};
	objectVersion = 50;
	objects = {

/* Begin PBXBuildFile section */
		4766A1212394D4F800EC8D20 /* FoodDetailView.swift in Sources */ = {isa = PBXBuildFile; fileRef = 4766A1202394D4F800EC8D20 /* FoodDetailView.swift */; };
		4766A1282394FAC100EC8D20 /* aralık2019.json in CopyFiles */ = {isa = PBXBuildFile; fileRef = 4766A1272394FAC100EC8D20 /* aralık2019.json */; };
		47F8618123942F1600934649 /* AppDelegate.swift in Sources */ = {isa = PBXBuildFile; fileRef = 47F8618023942F1600934649 /* AppDelegate.swift */; };
		47F8618323942F1600934649 /* SceneDelegate.swift in Sources */ = {isa = PBXBuildFile; fileRef = 47F8618223942F1600934649 /* SceneDelegate.swift */; };
		47F8618523942F1600934649 /* DayList.swift in Sources */ = {isa = PBXBuildFile; fileRef = 47F8618423942F1600934649 /* DayList.swift */; };
		47F8618723942F1700934649 /* Assets.xcassets in Resources */ = {isa = PBXBuildFile; fileRef = 47F8618623942F1700934649 /* Assets.xcassets */; };
		47F8618A23942F1700934649 /* Preview Assets.xcassets in Resources */ = {isa = PBXBuildFile; fileRef = 47F8618923942F1700934649 /* Preview Assets.xcassets */; };
		47F8618D23942F1700934649 /* LaunchScreen.storyboard in Resources */ = {isa = PBXBuildFile; fileRef = 47F8618B23942F1700934649 /* LaunchScreen.storyboard */; };
		47F861B5239432EA00934649 /* Structs.swift in Sources */ = {isa = PBXBuildFile; fileRef = 47F861B4239432EA00934649 /* Structs.swift */; };
		47F861B72394331400934649 /* Data.swift in Sources */ = {isa = PBXBuildFile; fileRef = 47F861B62394331400934649 /* Data.swift */; };
		47F861B92394334200934649 /* UserData.swift in Sources */ = {isa = PBXBuildFile; fileRef = 47F861B82394334200934649 /* UserData.swift */; };
		47F861BB2394338300934649 /* DayRow.swift in Sources */ = {isa = PBXBuildFile; fileRef = 47F861BA2394338300934649 /* DayRow.swift */; };
		47F861BF23943B2200934649 /* DateTitle.swift in Sources */ = {isa = PBXBuildFile; fileRef = 47F861BE23943B2200934649 /* DateTitle.swift */; };
		47F861C123943B7F00934649 /* FoodSearchView.swift in Sources */ = {isa = PBXBuildFile; fileRef = 47F861C023943B7F00934649 /* FoodSearchView.swift */; };
		47F861C323943E8E00934649 /* kasım2019.json in CopyFiles */ = {isa = PBXBuildFile; fileRef = 47F861BC239434CD00934649 /* kasım2019.json */; };
/* End PBXBuildFile section */

/* Begin PBXCopyFilesBuildPhase section */
		47F861C223943E6E00934649 /* CopyFiles */ = {
			isa = PBXCopyFilesBuildPhase;
			buildActionMask = 2147483647;
			dstPath = "";
			dstSubfolderSpec = 7;
			files = (
				4766A1282394FAC100EC8D20 /* aralık2019.json in CopyFiles */,
				47F861C323943E8E00934649 /* kasım2019.json in CopyFiles */,
			);
			runOnlyForDeploymentPostprocessing = 0;
		};
/* End PBXCopyFilesBuildPhase section */

/* Begin PBXFileReference section */
		4766A1202394D4F800EC8D20 /* FoodDetailView.swift */ = {isa = PBXFileReference; fileEncoding = 4; lastKnownFileType = sourcecode.swift; path = FoodDetailView.swift; sourceTree = "<group>"; };
		4766A1272394FAC100EC8D20 /* aralık2019.json */ = {isa = PBXFileReference; lastKnownFileType = text.json; path = "aralık2019.json"; sourceTree = "<group>"; };
		47F8617D23942F1600934649 /* VestelFoodProject.app */ = {isa = PBXFileReference; explicitFileType = wrapper.application; includeInIndex = 0; path = VestelFoodProject.app; sourceTree = BUILT_PRODUCTS_DIR; };
		47F8618023942F1600934649 /* AppDelegate.swift */ = {isa = PBXFileReference; lastKnownFileType = sourcecode.swift; path = AppDelegate.swift; sourceTree = "<group>"; };
		47F8618223942F1600934649 /* SceneDelegate.swift */ = {isa = PBXFileReference; lastKnownFileType = sourcecode.swift; path = SceneDelegate.swift; sourceTree = "<group>"; };
		47F8618423942F1600934649 /* DayList.swift */ = {isa = PBXFileReference; lastKnownFileType = sourcecode.swift; path = DayList.swift; sourceTree = "<group>"; };
		47F8618623942F1700934649 /* Assets.xcassets */ = {isa = PBXFileReference; lastKnownFileType = folder.assetcatalog; path = Assets.xcassets; sourceTree = "<group>"; };
		47F8618923942F1700934649 /* Preview Assets.xcassets */ = {isa = PBXFileReference; lastKnownFileType = folder.assetcatalog; path = "Preview Assets.xcassets"; sourceTree = "<group>"; };
		47F8618C23942F1700934649 /* Base */ = {isa = PBXFileReference; lastKnownFileType = file.storyboard; name = Base; path = Base.lproj/LaunchScreen.storyboard; sourceTree = "<group>"; };
		47F8618E23942F1700934649 /* Info.plist */ = {isa = PBXFileReference; lastKnownFileType = text.plist.xml; path = Info.plist; sourceTree = "<group>"; };
		47F861B4239432EA00934649 /* Structs.swift */ = {isa = PBXFileReference; lastKnownFileType = sourcecode.swift; path = Structs.swift; sourceTree = "<group>"; };
		47F861B62394331400934649 /* Data.swift */ = {isa = PBXFileReference; lastKnownFileType = sourcecode.swift; path = Data.swift; sourceTree = "<group>"; };
		47F861B82394334200934649 /* UserData.swift */ = {isa = PBXFileReference; lastKnownFileType = sourcecode.swift; path = UserData.swift; sourceTree = "<group>"; };
		47F861BA2394338300934649 /* DayRow.swift */ = {isa = PBXFileReference; lastKnownFileType = sourcecode.swift; path = DayRow.swift; sourceTree = "<group>"; };
		47F861BC239434CD00934649 /* kasım2019.json */ = {isa = PBXFileReference; fileEncoding = 4; lastKnownFileType = text.json; path = "kasım2019.json"; sourceTree = "<group>"; };
		47F861BE23943B2200934649 /* DateTitle.swift */ = {isa = PBXFileReference; lastKnownFileType = sourcecode.swift; path = DateTitle.swift; sourceTree = "<group>"; };
		47F861C023943B7F00934649 /* FoodSearchView.swift */ = {isa = PBXFileReference; fileEncoding = 4; lastKnownFileType = sourcecode.swift; path = FoodSearchView.swift; sourceTree = "<group>"; };
/* End PBXFileReference section */

/* Begin PBXFrameworksBuildPhase section */
		47F8617A23942F1600934649 /* Frameworks */ = {
			isa = PBXFrameworksBuildPhase;
			buildActionMask = 2147483647;
			files = (
			);
			runOnlyForDeploymentPostprocessing = 0;
		};
/* End PBXFrameworksBuildPhase section */

/* Begin PBXGroup section */
		47F8617423942F1600934649 = {
			isa = PBXGroup;
			children = (
				4766A1272394FAC100EC8D20 /* aralık2019.json */,
				47F861BC239434CD00934649 /* kasım2019.json */,
				47F8617F23942F1600934649 /* VestelFoodProject */,
				47F8617E23942F1600934649 /* Products */,
			);
			sourceTree = "<group>";
		};
		47F8617E23942F1600934649 /* Products */ = {
			isa = PBXGroup;
			children = (
				47F8617D23942F1600934649 /* VestelFoodProject.app */,
			);
			name = Products;
			sourceTree = "<group>";
		};
		47F8617F23942F1600934649 /* VestelFoodProject */ = {
			isa = PBXGroup;
			children = (
				47F861A9239431E100934649 /* Swift Files */,
				47F861AD2394321700934649 /* SwiftUI Files */,
				47F8618023942F1600934649 /* AppDelegate.swift */,
				47F8618223942F1600934649 /* SceneDelegate.swift */,
				47F8618623942F1700934649 /* Assets.xcassets */,
				47F8618B23942F1700934649 /* LaunchScreen.storyboard */,
				47F8618E23942F1700934649 /* Info.plist */,
				47F8618823942F1700934649 /* Preview Content */,
			);
			path = VestelFoodProject;
			sourceTree = "<group>";
		};
		47F8618823942F1700934649 /* Preview Content */ = {
			isa = PBXGroup;
			children = (
				47F8618923942F1700934649 /* Preview Assets.xcassets */,
			);
			path = "Preview Content";
			sourceTree = "<group>";
		};
		47F861A9239431E100934649 /* Swift Files */ = {
			isa = PBXGroup;
			children = (
				47F861B4239432EA00934649 /* Structs.swift */,
				47F861B62394331400934649 /* Data.swift */,
				47F861B82394334200934649 /* UserData.swift */,
			);
			path = "Swift Files";
			sourceTree = "<group>";
		};
		47F861AD2394321700934649 /* SwiftUI Files */ = {
			isa = PBXGroup;
			children = (
				47F8618423942F1600934649 /* DayList.swift */,
				47F861BA2394338300934649 /* DayRow.swift */,
				47F861BE23943B2200934649 /* DateTitle.swift */,
				47F861C023943B7F00934649 /* FoodSearchView.swift */,
				4766A1202394D4F800EC8D20 /* FoodDetailView.swift */,
			);
			path = "SwiftUI Files";
			sourceTree = "<group>";
		};
/* End PBXGroup section */

/* Begin PBXNativeTarget section */
		47F8617C23942F1600934649 /* VestelFoodProject */ = {
			isa = PBXNativeTarget;
			buildConfigurationList = 47F8619123942F1700934649 /* Build configuration list for PBXNativeTarget "VestelFoodProject" */;
			buildPhases = (
				47F8617923942F1600934649 /* Sources */,
				47F8617A23942F1600934649 /* Frameworks */,
				47F8617B23942F1600934649 /* Resources */,
				47F861C223943E6E00934649 /* CopyFiles */,
			);
			buildRules = (
			);
			dependencies = (
			);
			name = VestelFoodProject;
			productName = VestelFoodProject;
			productReference = 47F8617D23942F1600934649 /* VestelFoodProject.app */;
			productType = "com.apple.product-type.application";
		};
/* End PBXNativeTarget section */

/* Begin PBXProject section */
		47F8617523942F1600934649 /* Project object */ = {
			isa = PBXProject;
			attributes = {
				LastSwiftUpdateCheck = 1110;
				LastUpgradeCheck = 1110;
				ORGANIZATIONNAME = "Arda Onat";
				TargetAttributes = {
					47F8617C23942F1600934649 = {
						CreatedOnToolsVersion = 11.1;
					};
				};
			};
			buildConfigurationList = 47F8617823942F1600934649 /* Build configuration list for PBXProject "VestelFoodProject" */;
			compatibilityVersion = "Xcode 9.3";
			developmentRegion = en;
			hasScannedForEncodings = 0;
			knownRegions = (
				en,
				Base,
			);
			mainGroup = 47F8617423942F1600934649;
			productRefGroup = 47F8617E23942F1600934649 /* Products */;
			projectDirPath = "";
			projectRoot = "";
			targets = (
				47F8617C23942F1600934649 /* VestelFoodProject */,
			);
		};
/* End PBXProject section */

/* Begin PBXResourcesBuildPhase section */
		47F8617B23942F1600934649 /* Resources */ = {
			isa = PBXResourcesBuildPhase;
			buildActionMask = 2147483647;
			files = (
				47F8618D23942F1700934649 /* LaunchScreen.storyboard in Resources */,
				47F8618A23942F1700934649 /* Preview Assets.xcassets in Resources */,
				47F8618723942F1700934649 /* Assets.xcassets in Resources */,
			);
			runOnlyForDeploymentPostprocessing = 0;
		};
/* End PBXResourcesBuildPhase section */

/* Begin PBXSourcesBuildPhase section */
		47F8617923942F1600934649 /* Sources */ = {
			isa = PBXSourcesBuildPhase;
			buildActionMask = 2147483647;
			files = (
				47F861B92394334200934649 /* UserData.swift in Sources */,
				47F8618123942F1600934649 /* AppDelegate.swift in Sources */,
				47F861BF23943B2200934649 /* DateTitle.swift in Sources */,
				47F8618323942F1600934649 /* SceneDelegate.swift in Sources */,
				47F861B5239432EA00934649 /* Structs.swift in Sources */,
				47F861B72394331400934649 /* Data.swift in Sources */,
				47F861BB2394338300934649 /* DayRow.swift in Sources */,
				47F861C123943B7F00934649 /* FoodSearchView.swift in Sources */,
				47F8618523942F1600934649 /* DayList.swift in Sources */,
				4766A1212394D4F800EC8D20 /* FoodDetailView.swift in Sources */,
			);
			runOnlyForDeploymentPostprocessing = 0;
		};
/* End PBXSourcesBuildPhase section */

/* Begin PBXVariantGroup section */
		47F8618B23942F1700934649 /* LaunchScreen.storyboard */ = {
			isa = PBXVariantGroup;
			children = (
				47F8618C23942F1700934649 /* Base */,
			);
			name = LaunchScreen.storyboard;
			sourceTree = "<group>";
		};
/* End PBXVariantGroup section */

/* Begin XCBuildConfiguration section */
		47F8618F23942F1700934649 /* Debug */ = {
			isa = XCBuildConfiguration;
			buildSettings = {
				ALWAYS_SEARCH_USER_PATHS = NO;
				CLANG_ANALYZER_NONNULL = YES;
				CLANG_ANALYZER_NUMBER_OBJECT_CONVERSION = YES_AGGRESSIVE;
				CLANG_CXX_LANGUAGE_STANDARD = "gnu++14";
				CLANG_CXX_LIBRARY = "libc++";
				CLANG_ENABLE_MODULES = YES;
				CLANG_ENABLE_OBJC_ARC = YES;
				CLANG_ENABLE_OBJC_WEAK = YES;
				CLANG_WARN_BLOCK_CAPTURE_AUTORELEASING = YES;
				CLANG_WARN_BOOL_CONVERSION = YES;
				CLANG_WARN_COMMA = YES;
				CLANG_WARN_CONSTANT_CONVERSION = YES;
				CLANG_WARN_DEPRECATED_OBJC_IMPLEMENTATIONS = YES;
				CLANG_WARN_DIRECT_OBJC_ISA_USAGE = YES_ERROR;
				CLANG_WARN_DOCUMENTATION_COMMENTS = YES;
				CLANG_WARN_EMPTY_BODY = YES;
				CLANG_WARN_ENUM_CONVERSION = YES;
				CLANG_WARN_INFINITE_RECURSION = YES;
				CLANG_WARN_INT_CONVERSION = YES;
				CLANG_WARN_NON_LITERAL_NULL_CONVERSION = YES;
				CLANG_WARN_OBJC_IMPLICIT_RETAIN_SELF = YES;
				CLANG_WARN_OBJC_LITERAL_CONVERSION = YES;
				CLANG_WARN_OBJC_ROOT_CLASS = YES_ERROR;
				CLANG_WARN_RANGE_LOOP_ANALYSIS = YES;
				CLANG_WARN_STRICT_PROTOTYPES = YES;
				CLANG_WARN_SUSPICIOUS_MOVE = YES;
				CLANG_WARN_UNGUARDED_AVAILABILITY = YES_AGGRESSIVE;
				CLANG_WARN_UNREACHABLE_CODE = YES;
				CLANG_WARN__DUPLICATE_METHOD_MATCH = YES;
				COPY_PHASE_STRIP = NO;
				DEBUG_INFORMATION_FORMAT = dwarf;
				ENABLE_STRICT_OBJC_MSGSEND = YES;
				ENABLE_TESTABILITY = YES;
				GCC_C_LANGUAGE_STANDARD = gnu11;
				GCC_DYNAMIC_NO_PIC = NO;
				GCC_NO_COMMON_BLOCKS = YES;
				GCC_OPTIMIZATION_LEVEL = 0;
				GCC_PREPROCESSOR_DEFINITIONS = (
					"DEBUG=1",
					"$(inherited)",
				);
				GCC_WARN_64_TO_32_BIT_CONVERSION = YES;
				GCC_WARN_ABOUT_RETURN_TYPE = YES_ERROR;
				GCC_WARN_UNDECLARED_SELECTOR = YES;
				GCC_WARN_UNINITIALIZED_AUTOS = YES_AGGRESSIVE;
				GCC_WARN_UNUSED_FUNCTION = YES;
				GCC_WARN_UNUSED_VARIABLE = YES;
				IPHONEOS_DEPLOYMENT_TARGET = 13.1;
				MTL_ENABLE_DEBUG_INFO = INCLUDE_SOURCE;
				MTL_FAST_MATH = YES;
				ONLY_ACTIVE_ARCH = YES;
				SDKROOT = iphoneos;
				SWIFT_ACTIVE_COMPILATION_CONDITIONS = DEBUG;
				SWIFT_OPTIMIZATION_LEVEL = "-Onone";
			};
			name = Debug;
		};
		47F8619023942F1700934649 /* Release */ = {
			isa = XCBuildConfiguration;
			buildSettings = {
				ALWAYS_SEARCH_USER_PATHS = NO;
				CLANG_ANALYZER_NONNULL = YES;
				CLANG_ANALYZER_NUMBER_OBJECT_CONVERSION = YES_AGGRESSIVE;
				CLANG_CXX_LANGUAGE_STANDARD = "gnu++14";
				CLANG_CXX_LIBRARY = "libc++";
				CLANG_ENABLE_MODULES = YES;
				CLANG_ENABLE_OBJC_ARC = YES;
				CLANG_ENABLE_OBJC_WEAK = YES;
				CLANG_WARN_BLOCK_CAPTURE_AUTORELEASING = YES;
				CLANG_WARN_BOOL_CONVERSION = YES;
				CLANG_WARN_COMMA = YES;
				CLANG_WARN_CONSTANT_CONVERSION = YES;
				CLANG_WARN_DEPRECATED_OBJC_IMPLEMENTATIONS = YES;
				CLANG_WARN_DIRECT_OBJC_ISA_USAGE = YES_ERROR;
				CLANG_WARN_DOCUMENTATION_COMMENTS = YES;
				CLANG_WARN_EMPTY_BODY = YES;
				CLANG_WARN_ENUM_CONVERSION = YES;
				CLANG_WARN_INFINITE_RECURSION = YES;
				CLANG_WARN_INT_CONVERSION = YES;
				CLANG_WARN_NON_LITERAL_NULL_CONVERSION = YES;
				CLANG_WARN_OBJC_IMPLICIT_RETAIN_SELF = YES;
				CLANG_WARN_OBJC_LITERAL_CONVERSION = YES;
				CLANG_WARN_OBJC_ROOT_CLASS = YES_ERROR;
				CLANG_WARN_RANGE_LOOP_ANALYSIS = YES;
				CLANG_WARN_STRICT_PROTOTYPES = YES;
				CLANG_WARN_SUSPICIOUS_MOVE = YES;
				CLANG_WARN_UNGUARDED_AVAILABILITY = YES_AGGRESSIVE;
				CLANG_WARN_UNREACHABLE_CODE = YES;
				CLANG_WARN__DUPLICATE_METHOD_MATCH = YES;
				COPY_PHASE_STRIP = NO;
				DEBUG_INFORMATION_FORMAT = "dwarf-with-dsym";
				ENABLE_NS_ASSERTIONS = NO;
				ENABLE_STRICT_OBJC_MSGSEND = YES;
				GCC_C_LANGUAGE_STANDARD = gnu11;
				GCC_NO_COMMON_BLOCKS = YES;
				GCC_WARN_64_TO_32_BIT_CONVERSION = YES;
				GCC_WARN_ABOUT_RETURN_TYPE = YES_ERROR;
				GCC_WARN_UNDECLARED_SELECTOR = YES;
				GCC_WARN_UNINITIALIZED_AUTOS = YES_AGGRESSIVE;
				GCC_WARN_UNUSED_FUNCTION = YES;
				GCC_WARN_UNUSED_VARIABLE = YES;
				IPHONEOS_DEPLOYMENT_TARGET = 13.1;
				MTL_ENABLE_DEBUG_INFO = NO;
				MTL_FAST_MATH = YES;
				SDKROOT = iphoneos;
				SWIFT_COMPILATION_MODE = wholemodule;
				SWIFT_OPTIMIZATION_LEVEL = "-O";
				VALIDATE_PRODUCT = YES;
			};
			name = Release;
		};
		47F8619223942F1700934649 /* Debug */ = {
			isa = XCBuildConfiguration;
			buildSettings = {
				ASSETCATALOG_COMPILER_APPICON_NAME = AppIcon;
				CODE_SIGN_STYLE = Automatic;
				DEVELOPMENT_ASSET_PATHS = "\"VestelFoodProject/Preview Content\"";
				DEVELOPMENT_TEAM = U9AB5H938F;
				ENABLE_PREVIEWS = YES;
				INFOPLIST_FILE = VestelFoodProject/Info.plist;
				LD_RUNPATH_SEARCH_PATHS = (
					"$(inherited)",
					"@executable_path/Frameworks",
				);
				PRODUCT_BUNDLE_IDENTIFIER = application.VestelFoodProject;
				PRODUCT_NAME = "$(TARGET_NAME)";
				SWIFT_VERSION = 5.0;
				TARGETED_DEVICE_FAMILY = "1,2";
			};
			name = Debug;
		};
		47F8619323942F1700934649 /* Release */ = {
			isa = XCBuildConfiguration;
			buildSettings = {
				ASSETCATALOG_COMPILER_APPICON_NAME = AppIcon;
				CODE_SIGN_STYLE = Automatic;
				DEVELOPMENT_ASSET_PATHS = "\"VestelFoodProject/Preview Content\"";
				DEVELOPMENT_TEAM = U9AB5H938F;
				ENABLE_PREVIEWS = YES;
				INFOPLIST_FILE = VestelFoodProject/Info.plist;
				LD_RUNPATH_SEARCH_PATHS = (
					"$(inherited)",
					"@executable_path/Frameworks",
				);
				PRODUCT_BUNDLE_IDENTIFIER = application.VestelFoodProject;
				PRODUCT_NAME = "$(TARGET_NAME)";
				SWIFT_VERSION = 5.0;
				TARGETED_DEVICE_FAMILY = "1,2";
			};
			name = Release;
		};
/* End XCBuildConfiguration section */

/* Begin XCConfigurationList section */
		47F8617823942F1600934649 /* Build configuration list for PBXProject "VestelFoodProject" */ = {
			isa = XCConfigurationList;
			buildConfigurations = (
				47F8618F23942F1700934649 /* Debug */,
				47F8619023942F1700934649 /* Release */,
			);
			defaultConfigurationIsVisible = 0;
			defaultConfigurationName = Release;
		};
		47F8619123942F1700934649 /* Build configuration list for PBXNativeTarget "VestelFoodProject" */ = {
			isa = XCConfigurationList;
			buildConfigurations = (
				47F8619223942F1700934649 /* Debug */,
				47F8619323942F1700934649 /* Release */,
			);
			defaultConfigurationIsVisible = 0;
			defaultConfigurationName = Release;
		};
/* End XCConfigurationList section */
	};
	rootObject = 47F8617523942F1600934649 /* Project object */;
}
